
Microsoft Visual Studio Solution File, Format Version 12.00
# Visual Studio Version 17
VisualStudioVersion = 17.13.35828.75 d17.13
MinimumVisualStudioVersion = 10.0.40219.1
Project("{FAE04EC0-301F-11D3-BF4B-00C04F79EFBC}") = "GymDatos", "GymPractica\GymDatos.csproj", "{D18A6657-9912-4892-9B0A-B620A2F8A27F}"
EndProject
Project("{FAE04EC0-301F-11D3-BF4B-00C04F79EFBC}") = "GymNegocio", "GymNegocio\GymNegocio.csproj", "{DC225C2A-0AF3-4901-B031-CF63D0145CC2}"
EndProject
Project("{FAE04EC0-301F-11D3-BF4B-00C04F79EFBC}") = "GymPresentacion", "GymPresentacion\GymPresentacion.csproj", "{7B637F05-AA1D-4C2D-85FD-808CA1979558}"
EndProject
Global
	GlobalSection(SolutionConfigurationPlatforms) = preSolution
		Debug|Any CPU = Debug|Any CPU
		Release|Any CPU = Release|Any CPU
	EndGlobalSection
	GlobalSection(ProjectConfigurationPlatforms) = postSolution
		{D18A6657-9912-4892-9B0A-B620A2F8A27F}.Debug|Any CPU.ActiveCfg = Debug|Any CPU
		{D18A6657-9912-4892-9B0A-B620A2F8A27F}.Debug|Any CPU.Build.0 = Debug|Any CPU
		{D18A6657-9912-4892-9B0A-B620A2F8A27F}.Release|Any CPU.ActiveCfg = Release|Any CPU
		{D18A6657-9912-4892-9B0A-B620A2F8A27F}.Release|Any CPU.Build.0 = Release|Any CPU
		{DC225C2A-0AF3-4901-B031-CF63D0145CC2}.Debug|Any CPU.ActiveCfg = Debug|Any CPU
		{DC225C2A-0AF3-4901-B031-CF63D0145CC2}.Debug|Any CPU.Build.0 = Debug|Any CPU
		{DC225C2A-0AF3-4901-B031-CF63D0145CC2}.Release|Any CPU.ActiveCfg = Release|Any CPU
		{DC225C2A-0AF3-4901-B031-CF63D0145CC2}.Release|Any CPU.Build.0 = Release|Any CPU
		{7B637F05-AA1D-4C2D-85FD-808CA1979558}.Debug|Any CPU.ActiveCfg = Debug|Any CPU
		{7B637F05-AA1D-4C2D-85FD-808CA1979558}.Debug|Any CPU.Build.0 = Debug|Any CPU
		{7B637F05-AA1D-4C2D-85FD-808CA1979558}.Release|Any CPU.ActiveCfg = Release|Any CPU
		{7B637F05-AA1D-4C2D-85FD-808CA1979558}.Release|Any CPU.Build.0 = Release|Any CPU
	EndGlobalSection
	GlobalSection(SolutionProperties) = preSolution
		HideSolutionNode = FALSE
	EndGlobalSection
	GlobalSection(ExtensibilityGlobals) = postSolution
		SolutionGuid = {033BA550-B187-4270-AFF0-B0AB8AD421A1}
	EndGlobalSection
EndGlobal
